
Microsoft Visual Studio Solution File, Format Version 12.00
# Visual Studio Version 17
VisualStudioVersion = 17.14.36429.23 d17.14
MinimumVisualStudioVersion = 10.0.40219.1
Project("{8BC9CEB8-8B4A-11D0-8D11-00A0C91BC942}") = "fabric", "fabric\fabric.vcxproj", "{20EE48C6-D7F3-4758-96CC-017AB96E19EC}"
EndProject
Global
	GlobalSection(SolutionConfigurationPlatforms) = preSolution
		Debug|x64 = Debug|x64
		Debug|x86 = Debug|x86
		Release|x64 = Release|x64
		Release|x86 = Release|x86
	EndGlobalSection
	GlobalSection(ProjectConfigurationPlatforms) = postSolution
		{20EE48C6-D7F3-4758-96CC-017AB96E19EC}.Debug|x64.ActiveCfg = Debug|x64
		{20EE48C6-D7F3-4758-96CC-017AB96E19EC}.Debug|x64.Build.0 = Debug|x64
		{20EE48C6-D7F3-4758-96CC-017AB96E19EC}.Debug|x86.ActiveCfg = Debug|Win32
		{20EE48C6-D7F3-4758-96CC-017AB96E19EC}.Debug|x86.Build.0 = Debug|Win32
		{20EE48C6-D7F3-4758-96CC-017AB96E19EC}.Release|x64.ActiveCfg = Release|x64
		{20EE48C6-D7F3-4758-96CC-017AB96E19EC}.Release|x64.Build.0 = Release|x64
		{20EE48C6-D7F3-4758-96CC-017AB96E19EC}.Release|x86.ActiveCfg = Release|Win32
		{20EE48C6-D7F3-4758-96CC-017AB96E19EC}.Release|x86.Build.0 = Release|Win32
	EndGlobalSection
	GlobalSection(SolutionProperties) = preSolution
		HideSolutionNode = FALSE
	EndGlobalSection
	GlobalSection(ExtensibilityGlobals) = postSolution
		SolutionGuid = {00D20A62-4B3C-4F3A-8943-F063F45083DC}
	EndGlobalSection
EndGlobal
